
Microsoft Visual Studio Solution File, Format Version 12.00
# Visual Studio Version 17
VisualStudioVersion = 17.5.33414.496
MinimumVisualStudioVersion = 10.0.40219.1
Project("{FAE04EC0-301F-11D3-BF4B-00C04F79EFBC}") = "LeetCode", "LeetCode\LeetCode.csproj", "{8B55849F-A7DF-4FB3-BA2E-FCF3127776DF}"
EndProject
Global
	GlobalSection(SolutionConfigurationPlatforms) = preSolution
		Debug|Any CPU = Debug|Any CPU
		Release|Any CPU = Release|Any CPU
	EndGlobalSection
	GlobalSection(ProjectConfigurationPlatforms) = postSolution
		{8B55849F-A7DF-4FB3-BA2E-FCF3127776DF}.Debug|Any CPU.ActiveCfg = Debug|Any CPU
		{8B55849F-A7DF-4FB3-BA2E-FCF3127776DF}.Debug|Any CPU.Build.0 = Debug|Any CPU
		{8B55849F-A7DF-4FB3-BA2E-FCF3127776DF}.Release|Any CPU.ActiveCfg = Release|Any CPU
		{8B55849F-A7DF-4FB3-BA2E-FCF3127776DF}.Release|Any CPU.Build.0 = Release|Any CPU
	EndGlobalSection
	GlobalSection(SolutionProperties) = preSolution
		HideSolutionNode = FALSE
	EndGlobalSection
	GlobalSection(ExtensibilityGlobals) = postSolution
		SolutionGuid = {3F290538-A4C1-45DD-9F7D-EAD35D63EF37}
	EndGlobalSection
EndGlobal
